{
  "name": "cordova-plugin-file-opener2",
  "version": "4.0.0",
  "lockfileVersion": 2,
  "requires": true,
  "packages": {
    "": {
      "name": "cordova-plugin-file-opener2",
      "version": "4.0.0",
      "license": "MIT",
      "engines": {
        "cordovaDependencies": {
          "2.0.0": {
            "cordova": ">=6.0.0"
          },
          "3.0.0": {
            "cordova": ">=7.0.0"
          },
          "4.0.0": {
            "cordova-android": ">=10.0.0"
          }
        }
      }
    }
  }
}
